<?xml version="1.0" encoding="utf-8"?>
<Project ToolsVersion="4.0" xmlns="http://schemas.microsoft.com/developer/msbuild/2003">
  <ItemGroup>
    <Filter Include="Assets">
      <UniqueIdentifier>5dea6454-a33c-4b47-9c05-d3cfa3959011</UniqueIdentifier>
      <Extensions>ico;cur;bmp;dds;dlg;fbx;rct;bin;rgs;gif;jpg;jpeg;jpe;resx;tga;tiff;tif;png;wav;mfcribbon-ms</Extensions>
    </Filter>
    <Filter Include="Framework">
      <UniqueIdentifier>dfcfb2d9-aeeb-46af-8e26-40574499ae20</UniqueIdentifier>
    </Filter>
    <Filter Include="Game">
      <UniqueIdentifier>{82f9826a-4df2-455e-aef7-78b143a4ccb4}</UniqueIdentifier>
    </Filter>
    <Filter Include="Game\Player">
      <UniqueIdentifier>{3dd3b93d-b603-4baf-ac52-d437c9a972a4}</UniqueIdentifier>
    </Filter>
    <Filter Include="Game\Enemy">
      <UniqueIdentifier>{6964a28d-e724-42d1-9545-ee06145b8dcd}</UniqueIdentifier>
    </Filter>
    <Filter Include="Game\Parts">
      <UniqueIdentifier>{096d1b1e-5132-405d-b4b3-5d72ef3aa6b5}</UniqueIdentifier>
    </Filter>
    <Filter Include="Game\Components">
      <UniqueIdentifier>{8b397bf3-e873-4a1b-9356-1c4fae7b482c}</UniqueIdentifier>
    </Filter>
    <Filter Include="Game\Object">
      <UniqueIdentifier>{6c110454-b525-4ea5-8fa0-90e71f9a431c}</UniqueIdentifier>
    </Filter>
  </ItemGroup>
  <ItemGroup>
    <ClInclude Include="pch.h" />
    <ClInclude Include="Framework\DeviceResources.h">
      <Filter>Framework</Filter>
    </ClInclude>
    <ClInclude Include="Framework\StepTimer.h">
      <Filter>Framework</Filter>
    </ClInclude>
    <ClInclude Include="Game\Game.h">
      <Filter>Game</Filter>
    </ClInclude>
    <ClInclude Include="Framework\Graphics.h">
      <Filter>Framework</Filter>
    </ClInclude>
    <ClInclude Include="Framework\Resources.h">
      <Filter>Framework</Filter>
    </ClInclude>
    <ClInclude Include="Framework\InputManager.h">
      <Filter>Framework</Filter>
    </ClInclude>
    <ClInclude Include="Game\IScene.h">
      <Filter>Game</Filter>
    </ClInclude>
    <ClInclude Include="Game\PlayScene.h">
      <Filter>Game</Filter>
    </ClInclude>
    <ClInclude Include="Game\Enemy\Enemy.h">
      <Filter>Game\Enemy</Filter>
    </ClInclude>
    <ClInclude Include="Framework\Microsoft\DebugDraw.h">
      <Filter>Framework</Filter>
    </ClInclude>
    <ClInclude Include="Game\Camera.h">
      <Filter>Game</Filter>
    </ClInclude>
    <ClInclude Include="Game\GameObject.h">
      <Filter>Game</Filter>
    </ClInclude>
    <ClInclude Include="Game\Player\Player.h">
      <Filter>Game\Player</Filter>
    </ClInclude>
    <ClInclude Include="Game\Parts\Head.h">
      <Filter>Game\Parts</Filter>
    </ClInclude>
    <ClInclude Include="Game\Parts\IPart.h">
      <Filter>Game\Parts</Filter>
    </ClInclude>
    <ClInclude Include="Game\Components\BoxCollider.h">
      <Filter>Game\Components</Filter>
    </ClInclude>
    <ClInclude Include="Game\Components\IComponent.h">
      <Filter>Game\Components</Filter>
    </ClInclude>
    <ClInclude Include="Game\Components\ModelDraw.h">
      <Filter>Game\Components</Filter>
    </ClInclude>
    <ClInclude Include="Game\Components\Move.h">
      <Filter>Game\Components</Filter>
    </ClInclude>
    <ClInclude Include="Game\Object\Wall.h" />
    <ClInclude Include="Game\Player\Particle.h" />
    <ClInclude Include="Game\Player\Emitter.h" />
    <ClInclude Include="Framework\BinaryFile.h" />
    <ClInclude Include="Game\Parts\LeftArm.h" />
    <ClInclude Include="Game\Parts\LeftLeg.h" />
    <ClInclude Include="Game\Parts\RightArm.h" />
    <ClInclude Include="Game\Parts\RightLeg.h" />
    <ClInclude Include="Game\Parts\BodyBottom.h" />
    <ClInclude Include="Game\Parts\BodyTop.h" />
    <ClInclude Include="Game\Particle\ShaderParticle.h" />
    <ClInclude Include="Game\Particle\Shader.h" />
    <ClInclude Include="Game\Components\Gravity.h" />
    <ClInclude Include="Game\Player\State.h" />
    <ClInclude Include="Game\Player\Idol.h" />
    <ClInclude Include="Game\Player\Jump.h" />
    <ClInclude Include="Framework\DebugString.h" />
  </ItemGroup>
  <ItemGroup>
    <ClCompile Include="pch.cpp" />
    <ClCompile Include="Main.cpp" />
    <ClCompile Include="Framework\DeviceResources.cpp">
      <Filter>Framework</Filter>
    </ClCompile>
    <ClCompile Include="Game\Game.cpp">
      <Filter>Game</Filter>
    </ClCompile>
    <ClCompile Include="Framework\Graphics.cpp">
      <Filter>Framework</Filter>
    </ClCompile>
    <ClCompile Include="Framework\Resources.cpp">
      <Filter>Framework</Filter>
    </ClCompile>
    <ClCompile Include="Framework\InputManager.cpp">
      <Filter>Framework</Filter>
    </ClCompile>
    <ClCompile Include="Game\PlayScene.cpp">
      <Filter>Game</Filter>
    </ClCompile>
    <ClCompile Include="Game\Enemy\Enemy.cpp">
      <Filter>Game\Enemy</Filter>
    </ClCompile>
    <ClCompile Include="Framework\Microsoft\DebugDraw.cpp">
      <Filter>Framework</Filter>
    </ClCompile>
    <ClCompile Include="Game\Camera.cpp">
      <Filter>Game</Filter>
    </ClCompile>
    <ClCompile Include="Game\Player\Player.cpp">
      <Filter>Game\Player</Filter>
    </ClCompile>
    <ClCompile Include="Game\Parts\Head.cpp">
      <Filter>Game\Parts</Filter>
    </ClCompile>
    <ClCompile Include="Game\Components\BoxCollider.cpp">
      <Filter>Game\Components</Filter>
    </ClCompile>
    <ClCompile Include="Game\Components\ModelDraw.cpp">
      <Filter>Game\Components</Filter>
    </ClCompile>
    <ClCompile Include="Game\Components\Move.cpp">
      <Filter>Game\Components</Filter>
    </ClCompile>
    <ClCompile Include="Game\Object\Wall.cpp" />
    <ClCompile Include="Game\Player\Particle.cpp" />
    <ClCompile Include="Game\Player\Emitter.cpp" />
    <ClCompile Include="Framework\BinaryFile.cpp" />
    <ClCompile Include="Game\Parts\LeftArm.cpp" />
    <ClCompile Include="Game\Parts\LeftLeg.cpp" />
    <ClCompile Include="Game\Parts\RightArm.cpp" />
    <ClCompile Include="Game\Parts\RightLeg.cpp" />
    <ClCompile Include="Game\Parts\BodyBottom.cpp" />
    <ClCompile Include="Game\Parts\BodyTop.cpp" />
    <ClCompile Include="Game\Particle\Shader.cpp" />
    <ClCompile Include="Game\Components\Gravity.cpp" />
    <ClCompile Include="Game\Player\Idol.cpp" />
    <ClCompile Include="Game\Player\Jump.cpp" />
    <ClCompile Include="Framework\DebugString.cpp" />
  </ItemGroup>
  <ItemGroup>
    <ResourceCompile Include="resource.rc" />
  </ItemGroup>
  <ItemGroup>
    <Image Include="directx.ico">
      <Filter>Assets</Filter>
    </Image>
  </ItemGroup>
  <ItemGroup>
    <Manifest Include="settings.manifest">
      <Filter>Assets</Filter>
    </Manifest>
  </ItemGroup>
  <ItemGroup>
    <None Include="packages.config" />
    <None Include="Resources\Models\robot.sdkmesh" />
  </ItemGroup>
  <ItemGroup>
    <FxCompile Include="Resources\Shaders\PS.hlsl" />
    <FxCompile Include="Resources\Shaders\VS.hlsl" />
  </ItemGroup>
</Project>