<?xml version="1.0" encoding="utf-8"?>
<Project ToolsVersion="4.0" xmlns="http://schemas.microsoft.com/developer/msbuild/2003">
  <ItemGroup>
    <Filter Include="Assets">
      <UniqueIdentifier>5dea6454-a33c-4b47-9c05-d3cfa3959011</UniqueIdentifier>
      <Extensions>ico;cur;bmp;dds;dlg;fbx;rct;bin;rgs;gif;jpg;jpeg;jpe;resx;tga;tiff;tif;png;wav;mfcribbon-ms</Extensions>
    </Filter>
    <Filter Include="Framework">
      <UniqueIdentifier>dfcfb2d9-aeeb-46af-8e26-40574499ae20</UniqueIdentifier>
    </Filter>
    <Filter Include="Game">
      <UniqueIdentifier>{82f9826a-4df2-455e-aef7-78b143a4ccb4}</UniqueIdentifier>
    </Filter>
    <Filter Include="Game\Player">
      <UniqueIdentifier>{3dd3b93d-b603-4baf-ac52-d437c9a972a4}</UniqueIdentifier>
    </Filter>
    <Filter Include="Game\Enemy">
      <UniqueIdentifier>{6964a28d-e724-42d1-9545-ee06145b8dcd}</UniqueIdentifier>
    </Filter>
    <Filter Include="Game\Parts">
      <UniqueIdentifier>{096d1b1e-5132-405d-b4b3-5d72ef3aa6b5}</UniqueIdentifier>
    </Filter>
    <Filter Include="Game\Components">
      <UniqueIdentifier>{8b397bf3-e873-4a1b-9356-1c4fae7b482c}</UniqueIdentifier>
    </Filter>
    <Filter Include="Game\Object">
      <UniqueIdentifier>{6c110454-b525-4ea5-8fa0-90e71f9a431c}</UniqueIdentifier>
    </Filter>
  </ItemGroup>
  <ItemGroup>
    <ClInclude Include="pch.h" />
    <ClInclude Include="Framework\DeviceResources.h">
      <Filter>Framework</Filter>
    </ClInclude>
    <ClInclude Include="Framework\StepTimer.h">
      <Filter>Framework</Filter>
    </ClInclude>
    <ClInclude Include="Game\Game.h">
      <Filter>Game</Filter>
    </ClInclude>
    <ClInclude Include="Framework\Graphics.h">
      <Filter>Framework</Filter>
    </ClInclude>
    <ClInclude Include="Framework\Resources.h">
      <Filter>Framework</Filter>
    </ClInclude>
    <ClInclude Include="Framework\InputManager.h">
      <Filter>Framework</Filter>
    </ClInclude>
    <ClInclude Include="Game\IScene.h">
      <Filter>Game</Filter>
    </ClInclude>
    <ClInclude Include="Game\PlayScene.h">
      <Filter>Game</Filter>
    </ClInclude>
    <ClInclude Include="Game\Enemy\Enemy.h">
      <Filter>Game\Enemy</Filter>
    </ClInclude>
    <ClInclude Include="Framework\Microsoft\DebugDraw.h">
      <Filter>Framework</Filter>
    </ClInclude>
    <ClInclude Include="Game\GameObject.h">
      <Filter>Game</Filter>
    </ClInclude>
    <ClInclude Include="Game\Player\Player.h">
      <Filter>Game\Player</Filter>
    </ClInclude>
    <ClInclude Include="Game\Parts\Head.h">
      <Filter>Game\Parts</Filter>
    </ClInclude>
    <ClInclude Include="Game\Parts\Part.h">
      <Filter>Game\Parts</Filter>
    </ClInclude>
    <ClInclude Include="Game\Components\BoxCollider.h">
      <Filter>Game\Components</Filter>
    </ClInclude>
    <ClInclude Include="Game\Components\IComponent.h">
      <Filter>Game\Components</Filter>
    </ClInclude>
    <ClInclude Include="Game\Components\ModelDraw.h">
      <Filter>Game\Components</Filter>
    </ClInclude>
    <ClInclude Include="Game\Components\Move.h">
      <Filter>Game\Components</Filter>
    </ClInclude>
    <ClInclude Include="Framework\BinaryFile.h" />
    <ClInclude Include="Game\Parts\LeftArm.h" />
    <ClInclude Include="Game\Parts\LeftLeg.h" />
    <ClInclude Include="Game\Parts\RightArm.h" />
    <ClInclude Include="Game\Parts\RightLeg.h" />
    <ClInclude Include="Game\Parts\BodyTop.h" />
    <ClInclude Include="Game\Particle\ShaderParticle.h" />
    <ClInclude Include="Game\Components\Gravity.h" />
    <ClInclude Include="Framework\DebugString.h" />
    <ClInclude Include="Game\Object\DropItem.h" />
    <ClInclude Include="Game\Player\State\Boost.h" />
    <ClInclude Include="Game\Player\State\Idol.h" />
    <ClInclude Include="Game\Player\State\Jump.h" />
    <ClInclude Include="Game\State.h" />
    <ClInclude Include="Game\Particle\Particle.h" />
    <ClInclude Include="Game\Particle\Emitter.h" />
    <ClInclude Include="Game\Components\Camera.h" />
    <ClInclude Include="Game\Object\SkyDome.h" />
    <ClInclude Include="Game\Components\Look.h" />
    <ClInclude Include="Game\TitleScene.h" />
    <ClInclude Include="Game\Components\HPBar.h" />
    <ClInclude Include="Game\Particle\HitParticle.h" />
    <ClInclude Include="Game\ResultScene.h" />
    <ClInclude Include="Game\Player\State\Attack.h" />
    <ClInclude Include="Game\Object\Sword.h" />
    <ClInclude Include="Game\Enemy\State\EnemyAttackState.h" />
    <ClInclude Include="Game\Enemy\State\EnemyMoveState.h" />
    <ClInclude Include="Game\Object\Floor.h" />
    <ClInclude Include="Game\Player\BoostGage.h" />
    <ClInclude Include="Game\Player\TargetArea.h" />
    <ClInclude Include="Game\Shader\Shader.h" />
    <ClInclude Include="Game\Enemy\FixedEnemy.h" />
    <ClInclude Include="Game\Enemy\HomingEnemy.h" />
    <ClInclude Include="Game\Object\Bullet\Bullet.h" />
    <ClInclude Include="Game\Object\Bullet\EnemyBullet.h" />
    <ClInclude Include="Game\Object\Bullet\HomingBullet.h" />
    <ClInclude Include="Game\Object\Bullet\NormalBullet.h" />
    <ClInclude Include="Game\Object\Bullet\FixedEnemyBullet.h" />
    <ClInclude Include="Game\UI\HPUI.h" />
    <ClInclude Include="Game\Title\TitleCamera.h" />
    <ClInclude Include="Game\Object\Wall\Wall.h" />
    <ClInclude Include="Game\Object\Wall\BillA.h" />
    <ClInclude Include="Game\Object\Wall\BillB.h" />
    <ClInclude Include="Game\Title\TitlePlayer.h" />
    <ClInclude Include="Game\UI\UI.h" />
    <ClInclude Include="Game\Particle\HitEffect.h" />
    <ClInclude Include="Game\SceneMask.h" />
    <ClInclude Include="Game\UI\Menu.h" />
    <ClInclude Include="Game\Object\DropItemB.h" />
    <ClInclude Include="Game\Enemy\State\FixedAttackState.h" />
    <ClInclude Include="Game\Components\HP.h" />
    <ClInclude Include="Framework\DepthStencil.h" />
    <ClInclude Include="Framework\RenderTexture.h" />
  </ItemGroup>
  <ItemGroup>
    <ClCompile Include="pch.cpp" />
    <ClCompile Include="Main.cpp" />
    <ClCompile Include="Framework\DeviceResources.cpp">
      <Filter>Framework</Filter>
    </ClCompile>
    <ClCompile Include="Game\Game.cpp">
      <Filter>Game</Filter>
    </ClCompile>
    <ClCompile Include="Framework\Graphics.cpp">
      <Filter>Framework</Filter>
    </ClCompile>
    <ClCompile Include="Framework\Resources.cpp">
      <Filter>Framework</Filter>
    </ClCompile>
    <ClCompile Include="Framework\InputManager.cpp">
      <Filter>Framework</Filter>
    </ClCompile>
    <ClCompile Include="Game\PlayScene.cpp">
      <Filter>Game</Filter>
    </ClCompile>
    <ClCompile Include="Game\Enemy\Enemy.cpp">
      <Filter>Game\Enemy</Filter>
    </ClCompile>
    <ClCompile Include="Framework\Microsoft\DebugDraw.cpp">
      <Filter>Framework</Filter>
    </ClCompile>
    <ClCompile Include="Game\Player\Player.cpp">
      <Filter>Game\Player</Filter>
    </ClCompile>
    <ClCompile Include="Game\Parts\Head.cpp">
      <Filter>Game\Parts</Filter>
    </ClCompile>
    <ClCompile Include="Game\Components\BoxCollider.cpp">
      <Filter>Game\Components</Filter>
    </ClCompile>
    <ClCompile Include="Game\Components\ModelDraw.cpp">
      <Filter>Game\Components</Filter>
    </ClCompile>
    <ClCompile Include="Game\Components\Move.cpp">
      <Filter>Game\Components</Filter>
    </ClCompile>
    <ClCompile Include="Framework\BinaryFile.cpp" />
    <ClCompile Include="Game\Parts\LeftArm.cpp" />
    <ClCompile Include="Game\Parts\LeftLeg.cpp" />
    <ClCompile Include="Game\Parts\RightArm.cpp" />
    <ClCompile Include="Game\Parts\RightLeg.cpp" />
    <ClCompile Include="Game\Parts\BodyTop.cpp" />
    <ClCompile Include="Game\Components\Gravity.cpp" />
    <ClCompile Include="Framework\DebugString.cpp" />
    <ClCompile Include="Game\Object\DropItem.cpp" />
    <ClCompile Include="Game\Player\State\Boost.cpp" />
    <ClCompile Include="Game\Player\State\Idol.cpp" />
    <ClCompile Include="Game\Player\State\Jump.cpp" />
    <ClCompile Include="Game\Particle\Emitter.cpp" />
    <ClCompile Include="Game\Particle\Particle.cpp" />
    <ClCompile Include="Game\Components\Camera.cpp" />
    <ClCompile Include="Game\Object\SkyDome.cpp" />
    <ClCompile Include="Game\Components\Look.cpp" />
    <ClCompile Include="Game\TitleScene.cpp" />
    <ClCompile Include="Game\Components\HPBar.cpp" />
    <ClCompile Include="Game\Particle\HitParticle.cpp" />
    <ClCompile Include="Game\ResultScene.cpp" />
    <ClCompile Include="Game\Player\State\Attack.cpp" />
    <ClCompile Include="Game\Object\Sword.cpp" />
    <ClCompile Include="Game\Enemy\State\EnemyAttackState.cpp" />
    <ClCompile Include="Game\Enemy\State\EnemyMoveState.cpp" />
    <ClCompile Include="Game\Object\Floor.cpp" />
    <ClCompile Include="Game\Player\BoostGage.cpp" />
    <ClCompile Include="Game\Player\TargetArea.cpp" />
    <ClCompile Include="Game\Shader\Shader.cpp" />
    <ClCompile Include="Game\Enemy\FixedEnemy.cpp" />
    <ClCompile Include="Game\Enemy\HomingEnemy.cpp" />
    <ClCompile Include="Game\Object\Bullet\Bullet.cpp" />
    <ClCompile Include="Game\Object\Bullet\EnemyBullet.cpp" />
    <ClCompile Include="Game\Object\Bullet\HomingBullet.cpp" />
    <ClCompile Include="Game\GameObject.cpp" />
    <ClCompile Include="Game\Object\Bullet\NormalBullet.cpp" />
    <ClCompile Include="Game\Object\Bullet\FixedEnemyBullet.cpp" />
    <ClCompile Include="Game\UI\HPUI.cpp" />
    <ClCompile Include="Game\Title\TitleCamera.cpp" />
    <ClCompile Include="Game\Object\Wall\Wall.cpp" />
    <ClCompile Include="Game\Object\Wall\BillA.cpp" />
    <ClCompile Include="Game\Object\Wall\BillB.cpp" />
    <ClCompile Include="Game\Title\TitlePlayer.cpp" />
    <ClCompile Include="Game\UI\UI.cpp" />
    <ClCompile Include="Game\Particle\HitEffect.cpp" />
    <ClCompile Include="Game\SceneMask.cpp" />
    <ClCompile Include="Game\UI\Menu.cpp" />
    <ClCompile Include="Game\Object\DropItemB.cpp" />
    <ClCompile Include="Game\Enemy\State\FixedAttackState.cpp" />
    <ClCompile Include="Game\Components\HP.cpp" />
    <ClCompile Include="Framework\DepthStencil.cpp" />
    <ClCompile Include="Framework\RenderTexture.cpp" />
  </ItemGroup>
  <ItemGroup>
    <ResourceCompile Include="resource.rc" />
  </ItemGroup>
  <ItemGroup>
    <Image Include="directx.ico">
      <Filter>Assets</Filter>
    </Image>
  </ItemGroup>
  <ItemGroup>
    <Manifest Include="settings.manifest">
      <Filter>Assets</Filter>
    </Manifest>
  </ItemGroup>
  <ItemGroup>
    <None Include="packages.config" />
    <None Include="Resources\Models\robot.sdkmesh" />
    <None Include=".gitignore" />
    <None Include="Shaders\SM_Common.hlsli" />
    <None Include="Shaders\UI.hlsli" />
  </ItemGroup>
  <ItemGroup>
    <FxCompile Include="Shaders\OutLinePS.hlsl" />
    <FxCompile Include="Shaders\OutLineVS.hlsl" />
    <FxCompile Include="Shaders\PS.hlsl" />
    <FxCompile Include="Shaders\SM_PS_Depth.hlsl" />
    <FxCompile Include="Shaders\SM_VS_Depth.hlsl" />
    <FxCompile Include="Shaders\UIGS.hlsl" />
    <FxCompile Include="Shaders\UIPS.hlsl" />
    <FxCompile Include="Shaders\UIVS.hlsl" />
    <FxCompile Include="Shaders\VS.hlsl" />
    <FxCompile Include="Shaders\SM_PS.hlsl" />
    <FxCompile Include="Shaders\SM_VS.hlsl" />
  </ItemGroup>
</Project>